<?xml version="1.0"?>
<!DOCTYPE CodeBlocks_project_file>
<CodeBlocks_project_file>
	<FileVersion major="1" minor="1"/>
	<Project>
		<Option title="reddot"/>
		<Option makefile="Makefile"/>
		<Option makefile_is_custom="0"/>
		<Option default_target="1"/>
		<Option active_target="0"/>
		<Option compiler="0"/>
		<Build>
			<Target title="Win32 Release">
				<Option output="Release\reddot.exe"/>
				<Option working_dir="."/>
				<Option object_output="Release"/>
				<Option deps_output=".deps"/>
				<Option type="0"/>
				<Option compiler="0"/>
				<Option projectResourceIncludeDirsRelation="0"/>
				<Compiler>
					<Add option="-O2"/>
					<Add option="-W"/>
					<Add option="-fexceptions"/>
					<Add option="-DWIN32"/>
					<Add option="-DNDEBUG"/>
					<Add option="-D_WINDOWS"/>
					<Add option="-D_MBCS"/>
				</Compiler>
				<Linker>
					<Add library="winmm"/>
					<Add library="comctl32"/>
					<Add library="ole32"/>
				</Linker>
			</Target>
			<Target title="Win32 Debug">
				<Option output="Debug\reddot.exe"/>
				<Option working_dir="."/>
				<Option object_output="Debug"/>
				<Option deps_output=".deps"/>
				<Option type="0"/>
				<Option compiler="0"/>
				<Option projectResourceIncludeDirsRelation="0"/>
				<Compiler>
					<Add option="-W"/>
					<Add option="-g"/>
					<Add option="-fexceptions"/>
					<Add option="-DWIN32"/>
					<Add option="-D_DEBUG"/>
					<Add option="-D_WINDOWS"/>
					<Add option="-D_MBCS"/>
				</Compiler>
				<Linker>
					<Add library="winmm"/>
					<Add library="comctl32"/>
					<Add library="ole32"/>
				</Linker>
			</Target>
		</Build>
		<Unit filename="AboutBox.cpp">
			<Option compilerVar="CPP"/>
			<Option target="Win32 Release"/>
			<Option target="Win32 Debug"/>
		</Unit>
		<Unit filename="AboutBox.h">
			<Option compilerVar=""/>
			<Option compile="0"/>
			<Option link="0"/>
			<Option target="Win32 Release"/>
			<Option target="Win32 Debug"/>
		</Unit>
		<Unit filename="Clock.cpp">
			<Option compilerVar="CPP"/>
			<Option target="Win32 Release"/>
			<Option target="Win32 Debug"/>
		</Unit>
		<Unit filename="Clock.h">
			<Option compilerVar=""/>
			<Option compile="0"/>
			<Option link="0"/>
			<Option target="Win32 Release"/>
			<Option target="Win32 Debug"/>
		</Unit>
		<Unit filename="HyperLink.cpp">
			<Option compilerVar="CPP"/>
			<Option target="Win32 Release"/>
			<Option target="Win32 Debug"/>
		</Unit>
		<Unit filename="HyperLink.h">
			<Option compilerVar=""/>
			<Option compile="0"/>
			<Option link="0"/>
			<Option target="Win32 Release"/>
			<Option target="Win32 Debug"/>
		</Unit>
		<Unit filename="Label.cpp">
			<Option compilerVar="CPP"/>
			<Option target="Win32 Release"/>
			<Option target="Win32 Debug"/>
		</Unit>
		<Unit filename="Label.h">
			<Option compilerVar=""/>
			<Option compile="0"/>
			<Option link="0"/>
			<Option target="Win32 Release"/>
			<Option target="Win32 Debug"/>
		</Unit>
		<Unit filename="MainWindow.cpp">
			<Option compilerVar="CPP"/>
			<Option target="Win32 Release"/>
			<Option target="Win32 Debug"/>
		</Unit>
		<Unit filename="MainWindow.h">
			<Option compilerVar=""/>
			<Option compile="0"/>
			<Option link="0"/>
			<Option target="Win32 Release"/>
			<Option target="Win32 Debug"/>
		</Unit>
		<Unit filename="MidiList.cpp">
			<Option compilerVar="CPP"/>
			<Option target="Win32 Release"/>
			<Option target="Win32 Debug"/>
		</Unit>
		<Unit filename="MidiList.h">
			<Option compilerVar=""/>
			<Option compile="0"/>
			<Option link="0"/>
			<Option target="Win32 Release"/>
			<Option target="Win32 Debug"/>
		</Unit>
		<Unit filename="MidiWriter.cpp">
			<Option compilerVar="CPP"/>
			<Option target="Win32 Release"/>
			<Option target="Win32 Debug"/>
		</Unit>
		<Unit filename="MidiWriter.h">
			<Option compilerVar=""/>
			<Option compile="0"/>
			<Option link="0"/>
			<Option target="Win32 Release"/>
			<Option target="Win32 Debug"/>
		</Unit>
		<Unit filename="OptionsDialog.cpp">
			<Option compilerVar="CPP"/>
			<Option target="Win32 Release"/>
			<Option target="Win32 Debug"/>
		</Unit>
		<Unit filename="OptionsDialog.h">
			<Option compilerVar=""/>
			<Option compile="0"/>
			<Option link="0"/>
			<Option target="Win32 Release"/>
			<Option target="Win32 Debug"/>
		</Unit>
		<Unit filename="Settings.cpp">
			<Option compilerVar="CPP"/>
			<Option target="Win32 Release"/>
			<Option target="Win32 Debug"/>
		</Unit>
		<Unit filename="Settings.h">
			<Option compilerVar=""/>
			<Option compile="0"/>
			<Option link="0"/>
			<Option target="Win32 Release"/>
			<Option target="Win32 Debug"/>
		</Unit>
		<Unit filename="bugsbgone.cpp">
			<Option compilerVar="CPP"/>
			<Option target="Win32 Release"/>
			<Option target="Win32 Debug"/>
		</Unit>
		<Unit filename="bugsbgone.h">
			<Option compilerVar=""/>
			<Option compile="0"/>
			<Option link="0"/>
			<Option target="Win32 Release"/>
			<Option target="Win32 Debug"/>
		</Unit>
		<Unit filename="defs.h">
			<Option compilerVar=""/>
			<Option compile="0"/>
			<Option link="0"/>
			<Option target="Win32 Release"/>
			<Option target="Win32 Debug"/>
		</Unit>
		<Unit filename="framework.cpp">
			<Option compilerVar="CPP"/>
			<Option target="Win32 Release"/>
			<Option target="Win32 Debug"/>
		</Unit>
		<Unit filename="framework.h">
			<Option compilerVar=""/>
			<Option compile="0"/>
			<Option link="0"/>
			<Option target="Win32 Release"/>
			<Option target="Win32 Debug"/>
		</Unit>
		<Unit filename="main.cpp">
			<Option compilerVar="CPP"/>
			<Option target="Win32 Release"/>
			<Option target="Win32 Debug"/>
		</Unit>
		<Unit filename="manifest.xml">
			<Option compilerVar=""/>
			<Option compile="0"/>
			<Option link="0"/>
			<Option target="Win32 Release"/>
			<Option target="Win32 Debug"/>
		</Unit>
		<Unit filename="play.ico">
			<Option compilerVar=""/>
			<Option compile="0"/>
			<Option link="0"/>
			<Option target="Win32 Release"/>
			<Option target="Win32 Debug"/>
		</Unit>
		<Unit filename="record.ico">
			<Option compilerVar=""/>
			<Option compile="0"/>
			<Option link="0"/>
			<Option target="Win32 Release"/>
			<Option target="Win32 Debug"/>
		</Unit>
		<Unit filename="reddot.ico">
			<Option compilerVar=""/>
			<Option compile="0"/>
			<Option link="0"/>
			<Option target="Win32 Release"/>
			<Option target="Win32 Debug"/>
		</Unit>
		<Unit filename="reddot.rc">
			<Option compilerVar="WINDRES"/>
			<Option objectName="reddot.res"/>
			<Option target="Win32 Release"/>
			<Option target="Win32 Debug"/>
		</Unit>
		<Unit filename="resource.h">
			<Option compilerVar=""/>
			<Option compile="0"/>
			<Option link="0"/>
			<Option target="Win32 Release"/>
			<Option target="Win32 Debug"/>
		</Unit>
		<Unit filename="save.ico">
			<Option compilerVar=""/>
			<Option compile="0"/>
			<Option link="0"/>
			<Option target="Win32 Release"/>
			<Option target="Win32 Debug"/>
		</Unit>
		<Unit filename="stop.ico">
			<Option compilerVar=""/>
			<Option compile="0"/>
			<Option link="0"/>
			<Option target="Win32 Release"/>
			<Option target="Win32 Debug"/>
		</Unit>
		<Unit filename="thread.cpp">
			<Option compilerVar="CPP"/>
			<Option target="Win32 Release"/>
			<Option target="Win32 Debug"/>
		</Unit>
		<Unit filename="thread.h">
			<Option compilerVar=""/>
			<Option compile="0"/>
			<Option link="0"/>
			<Option target="Win32 Release"/>
			<Option target="Win32 Debug"/>
		</Unit>
	</Project>
</CodeBlocks_project_file>
